
Microsoft Visual Studio Solution File, Format Version 12.00
# Visual Studio Version 17
VisualStudioVersion = 17.3.32929.385
MinimumVisualStudioVersion = 10.0.40219.1
Project("{FAE04EC0-301F-11D3-BF4B-00C04F79EFBC}") = "GameStore", "GameStore\GameStore.csproj", "{56B80F3B-9066-4593-8A9A-CE06318AF46B}"
EndProject
Project("{FAE04EC0-301F-11D3-BF4B-00C04F79EFBC}") = "GameStore.DAL", "GameStore.DAL\GameStore.DAL.csproj", "{42F1AEBB-313C-4043-A5DA-20FFA2CB4C26}"
EndProject
Project("{FAE04EC0-301F-11D3-BF4B-00C04F79EFBC}") = "GameStore.BLL", "GameStore.BLL\GameStore.BLL.csproj", "{B52012C4-D5C5-439F-B865-3522DCEF32A1}"
EndProject
Global
	GlobalSection(SolutionConfigurationPlatforms) = preSolution
		Debug|Any CPU = Debug|Any CPU
		Release|Any CPU = Release|Any CPU
	EndGlobalSection
	GlobalSection(ProjectConfigurationPlatforms) = postSolution
		{56B80F3B-9066-4593-8A9A-CE06318AF46B}.Debug|Any CPU.ActiveCfg = Debug|Any CPU
		{56B80F3B-9066-4593-8A9A-CE06318AF46B}.Debug|Any CPU.Build.0 = Debug|Any CPU
		{56B80F3B-9066-4593-8A9A-CE06318AF46B}.Release|Any CPU.ActiveCfg = Release|Any CPU
		{56B80F3B-9066-4593-8A9A-CE06318AF46B}.Release|Any CPU.Build.0 = Release|Any CPU
		{42F1AEBB-313C-4043-A5DA-20FFA2CB4C26}.Debug|Any CPU.ActiveCfg = Debug|Any CPU
		{42F1AEBB-313C-4043-A5DA-20FFA2CB4C26}.Debug|Any CPU.Build.0 = Debug|Any CPU
		{42F1AEBB-313C-4043-A5DA-20FFA2CB4C26}.Release|Any CPU.ActiveCfg = Release|Any CPU
		{42F1AEBB-313C-4043-A5DA-20FFA2CB4C26}.Release|Any CPU.Build.0 = Release|Any CPU
		{B52012C4-D5C5-439F-B865-3522DCEF32A1}.Debug|Any CPU.ActiveCfg = Debug|Any CPU
		{B52012C4-D5C5-439F-B865-3522DCEF32A1}.Debug|Any CPU.Build.0 = Debug|Any CPU
		{B52012C4-D5C5-439F-B865-3522DCEF32A1}.Release|Any CPU.ActiveCfg = Release|Any CPU
		{B52012C4-D5C5-439F-B865-3522DCEF32A1}.Release|Any CPU.Build.0 = Release|Any CPU
	EndGlobalSection
	GlobalSection(SolutionProperties) = preSolution
		HideSolutionNode = FALSE
	EndGlobalSection
	GlobalSection(ExtensibilityGlobals) = postSolution
		SolutionGuid = {80E123E1-877B-4976-B4D8-3BD60C92B858}
	EndGlobalSection
EndGlobal
